// !$*UTF8*$!
{
	archiveVersion = 1;
	classes = {
	};
	objectVersion = 50;
	objects = {

/* Begin PBXBuildFile section */
		63F88160226DF96A00FA75AC /* AppDelegate.swift in Sources */ = {isa = PBXBuildFile; fileRef = 63F8815F226DF96A00FA75AC /* AppDelegate.swift */; };
		63F88165226DF96A00FA75AC /* Main.storyboard in Resources */ = {isa = PBXBuildFile; fileRef = 63F88163226DF96A00FA75AC /* Main.storyboard */; };
		63F88167226DF96C00FA75AC /* Assets.xcassets in Resources */ = {isa = PBXBuildFile; fileRef = 63F88166226DF96C00FA75AC /* Assets.xcassets */; };
		63F8816A226DF96C00FA75AC /* LaunchScreen.storyboard in Resources */ = {isa = PBXBuildFile; fileRef = 63F88168226DF96C00FA75AC /* LaunchScreen.storyboard */; };
		63F88172226DFA0F00FA75AC /* Registration.swift in Sources */ = {isa = PBXBuildFile; fileRef = 63F88171226DFA0F00FA75AC /* Registration.swift */; };
		63F88174226DFE5A00FA75AC /* AddregistrationTableViewController.swift in Sources */ = {isa = PBXBuildFile; fileRef = 63F88173226DFE5A00FA75AC /* AddregistrationTableViewController.swift */; };
		63F881E02270BD4800FA75AC /* TypeRoomTableViewController.swift in Sources */ = {isa = PBXBuildFile; fileRef = 63F881DF2270BD4800FA75AC /* TypeRoomTableViewController.swift */; };
		63F881E32270D50C00FA75AC /* RoomTypeTableViewCell.swift in Sources */ = {isa = PBXBuildFile; fileRef = 63F881E22270D50C00FA75AC /* RoomTypeTableViewCell.swift */; };
/* End PBXBuildFile section */

/* Begin PBXFileReference section */
		63F8815C226DF96A00FA75AC /* Hotel Manzana.app */ = {isa = PBXFileReference; explicitFileType = wrapper.application; includeInIndex = 0; path = "Hotel Manzana.app"; sourceTree = BUILT_PRODUCTS_DIR; };
		63F8815F226DF96A00FA75AC /* AppDelegate.swift */ = {isa = PBXFileReference; lastKnownFileType = sourcecode.swift; path = AppDelegate.swift; sourceTree = "<group>"; };
		63F88164226DF96A00FA75AC /* Base */ = {isa = PBXFileReference; lastKnownFileType = file.storyboard; name = Base; path = Base.lproj/Main.storyboard; sourceTree = "<group>"; };
		63F88166226DF96C00FA75AC /* Assets.xcassets */ = {isa = PBXFileReference; lastKnownFileType = folder.assetcatalog; path = Assets.xcassets; sourceTree = "<group>"; };
		63F88169226DF96C00FA75AC /* Base */ = {isa = PBXFileReference; lastKnownFileType = file.storyboard; name = Base; path = Base.lproj/LaunchScreen.storyboard; sourceTree = "<group>"; };
		63F8816B226DF96C00FA75AC /* Info.plist */ = {isa = PBXFileReference; lastKnownFileType = text.plist.xml; path = Info.plist; sourceTree = "<group>"; };
		63F88171226DFA0F00FA75AC /* Registration.swift */ = {isa = PBXFileReference; lastKnownFileType = sourcecode.swift; path = Registration.swift; sourceTree = "<group>"; };
		63F88173226DFE5A00FA75AC /* AddregistrationTableViewController.swift */ = {isa = PBXFileReference; lastKnownFileType = sourcecode.swift; path = AddregistrationTableViewController.swift; sourceTree = "<group>"; };
		63F881DF2270BD4800FA75AC /* TypeRoomTableViewController.swift */ = {isa = PBXFileReference; lastKnownFileType = sourcecode.swift; path = TypeRoomTableViewController.swift; sourceTree = "<group>"; };
		63F881E22270D50C00FA75AC /* RoomTypeTableViewCell.swift */ = {isa = PBXFileReference; lastKnownFileType = sourcecode.swift; path = RoomTypeTableViewCell.swift; sourceTree = "<group>"; };
/* End PBXFileReference section */

/* Begin PBXFrameworksBuildPhase section */
		63F88159226DF96A00FA75AC /* Frameworks */ = {
			isa = PBXFrameworksBuildPhase;
			buildActionMask = 2147483647;
			files = (
			);
			runOnlyForDeploymentPostprocessing = 0;
		};
/* End PBXFrameworksBuildPhase section */

/* Begin PBXGroup section */
		63F88153226DF96A00FA75AC = {
			isa = PBXGroup;
			children = (
				63F8815E226DF96A00FA75AC /* Hotel Manzana */,
				63F8815D226DF96A00FA75AC /* Products */,
			);
			sourceTree = "<group>";
		};
		63F8815D226DF96A00FA75AC /* Products */ = {
			isa = PBXGroup;
			children = (
				63F8815C226DF96A00FA75AC /* Hotel Manzana.app */,
			);
			name = Products;
			sourceTree = "<group>";
		};
		63F8815E226DF96A00FA75AC /* Hotel Manzana */ = {
			isa = PBXGroup;
			children = (
				63F881DD2270BD0300FA75AC /* Model */,
				63F881DE2270BD1B00FA75AC /* View */,
				63F881E12270BD5400FA75AC /* Controllers */,
				63F8815F226DF96A00FA75AC /* AppDelegate.swift */,
				63F88166226DF96C00FA75AC /* Assets.xcassets */,
				63F88168226DF96C00FA75AC /* LaunchScreen.storyboard */,
				63F8816B226DF96C00FA75AC /* Info.plist */,
			);
			path = "Hotel Manzana";
			sourceTree = "<group>";
		};
		63F881DD2270BD0300FA75AC /* Model */ = {
			isa = PBXGroup;
			children = (
				63F88171226DFA0F00FA75AC /* Registration.swift */,
			);
			name = Model;
			sourceTree = "<group>";
		};
		63F881DE2270BD1B00FA75AC /* View */ = {
			isa = PBXGroup;
			children = (
				63F88163226DF96A00FA75AC /* Main.storyboard */,
				63F881E22270D50C00FA75AC /* RoomTypeTableViewCell.swift */,
			);
			path = View;
			sourceTree = "<group>";
		};
		63F881E12270BD5400FA75AC /* Controllers */ = {
			isa = PBXGroup;
			children = (
				63F88173226DFE5A00FA75AC /* AddregistrationTableViewController.swift */,
				63F881DF2270BD4800FA75AC /* TypeRoomTableViewController.swift */,
			);
			path = Controllers;
			sourceTree = "<group>";
		};
/* End PBXGroup section */

/* Begin PBXNativeTarget section */
		63F8815B226DF96A00FA75AC /* Hotel Manzana */ = {
			isa = PBXNativeTarget;
			buildConfigurationList = 63F8816E226DF96C00FA75AC /* Build configuration list for PBXNativeTarget "Hotel Manzana" */;
			buildPhases = (
				63F88158226DF96A00FA75AC /* Sources */,
				63F88159226DF96A00FA75AC /* Frameworks */,
				63F8815A226DF96A00FA75AC /* Resources */,
			);
			buildRules = (
			);
			dependencies = (
			);
			name = "Hotel Manzana";
			productName = "Hotel Manzana";
			productReference = 63F8815C226DF96A00FA75AC /* Hotel Manzana.app */;
			productType = "com.apple.product-type.application";
		};
/* End PBXNativeTarget section */

/* Begin PBXProject section */
		63F88154226DF96A00FA75AC /* Project object */ = {
			isa = PBXProject;
			attributes = {
				LastSwiftUpdateCheck = 1020;
				LastUpgradeCheck = 1020;
				ORGANIZATIONNAME = "Давид";
				TargetAttributes = {
					63F8815B226DF96A00FA75AC = {
						CreatedOnToolsVersion = 10.2;
					};
				};
			};
			buildConfigurationList = 63F88157226DF96A00FA75AC /* Build configuration list for PBXProject "Hotel Manzana" */;
			compatibilityVersion = "Xcode 9.3";
			developmentRegion = en;
			hasScannedForEncodings = 0;
			knownRegions = (
				en,
				Base,
			);
			mainGroup = 63F88153226DF96A00FA75AC;
			productRefGroup = 63F8815D226DF96A00FA75AC /* Products */;
			projectDirPath = "";
			projectRoot = "";
			targets = (
				63F8815B226DF96A00FA75AC /* Hotel Manzana */,
			);
		};
/* End PBXProject section */

/* Begin PBXResourcesBuildPhase section */
		63F8815A226DF96A00FA75AC /* Resources */ = {
			isa = PBXResourcesBuildPhase;
			buildActionMask = 2147483647;
			files = (
				63F8816A226DF96C00FA75AC /* LaunchScreen.storyboard in Resources */,
				63F88167226DF96C00FA75AC /* Assets.xcassets in Resources */,
				63F88165226DF96A00FA75AC /* Main.storyboard in Resources */,
			);
			runOnlyForDeploymentPostprocessing = 0;
		};
/* End PBXResourcesBuildPhase section */

/* Begin PBXSourcesBuildPhase section */
		63F88158226DF96A00FA75AC /* Sources */ = {
			isa = PBXSourcesBuildPhase;
			buildActionMask = 2147483647;
			files = (
				63F88172226DFA0F00FA75AC /* Registration.swift in Sources */,
				63F88174226DFE5A00FA75AC /* AddregistrationTableViewController.swift in Sources */,
				63F881E32270D50C00FA75AC /* RoomTypeTableViewCell.swift in Sources */,
				63F881E02270BD4800FA75AC /* TypeRoomTableViewController.swift in Sources */,
				63F88160226DF96A00FA75AC /* AppDelegate.swift in Sources */,
			);
			runOnlyForDeploymentPostprocessing = 0;
		};
/* End PBXSourcesBuildPhase section */

/* Begin PBXVariantGroup section */
		63F88163226DF96A00FA75AC /* Main.storyboard */ = {
			isa = PBXVariantGroup;
			children = (
				63F88164226DF96A00FA75AC /* Base */,
			);
			name = Main.storyboard;
			sourceTree = "<group>";
		};
		63F88168226DF96C00FA75AC /* LaunchScreen.storyboard */ = {
			isa = PBXVariantGroup;
			children = (
				63F88169226DF96C00FA75AC /* Base */,
			);
			name = LaunchScreen.storyboard;
			sourceTree = "<group>";
		};
/* End PBXVariantGroup section */

/* Begin XCBuildConfiguration section */
		63F8816C226DF96C00FA75AC /* Debug */ = {
			isa = XCBuildConfiguration;
			buildSettings = {
				ALWAYS_SEARCH_USER_PATHS = NO;
				CLANG_ANALYZER_NONNULL = YES;
				CLANG_ANALYZER_NUMBER_OBJECT_CONVERSION = YES_AGGRESSIVE;
				CLANG_CXX_LANGUAGE_STANDARD = "gnu++14";
				CLANG_CXX_LIBRARY = "libc++";
				CLANG_ENABLE_MODULES = YES;
				CLANG_ENABLE_OBJC_ARC = YES;
				CLANG_ENABLE_OBJC_WEAK = YES;
				CLANG_WARN_BLOCK_CAPTURE_AUTORELEASING = YES;
				CLANG_WARN_BOOL_CONVERSION = YES;
				CLANG_WARN_COMMA = YES;
				CLANG_WARN_CONSTANT_CONVERSION = YES;
				CLANG_WARN_DEPRECATED_OBJC_IMPLEMENTATIONS = YES;
				CLANG_WARN_DIRECT_OBJC_ISA_USAGE = YES_ERROR;
				CLANG_WARN_DOCUMENTATION_COMMENTS = YES;
				CLANG_WARN_EMPTY_BODY = YES;
				CLANG_WARN_ENUM_CONVERSION = YES;
				CLANG_WARN_INFINITE_RECURSION = YES;
				CLANG_WARN_INT_CONVERSION = YES;
				CLANG_WARN_NON_LITERAL_NULL_CONVERSION = YES;
				CLANG_WARN_OBJC_IMPLICIT_RETAIN_SELF = YES;
				CLANG_WARN_OBJC_LITERAL_CONVERSION = YES;
				CLANG_WARN_OBJC_ROOT_CLASS = YES_ERROR;
				CLANG_WARN_RANGE_LOOP_ANALYSIS = YES;
				CLANG_WARN_STRICT_PROTOTYPES = YES;
				CLANG_WARN_SUSPICIOUS_MOVE = YES;
				CLANG_WARN_UNGUARDED_AVAILABILITY = YES_AGGRESSIVE;
				CLANG_WARN_UNREACHABLE_CODE = YES;
				CLANG_WARN__DUPLICATE_METHOD_MATCH = YES;
				CODE_SIGN_IDENTITY = "iPhone Developer";
				COPY_PHASE_STRIP = NO;
				DEBUG_INFORMATION_FORMAT = dwarf;
				ENABLE_STRICT_OBJC_MSGSEND = YES;
				ENABLE_TESTABILITY = YES;
				GCC_C_LANGUAGE_STANDARD = gnu11;
				GCC_DYNAMIC_NO_PIC = NO;
				GCC_NO_COMMON_BLOCKS = YES;
				GCC_OPTIMIZATION_LEVEL = 0;
				GCC_PREPROCESSOR_DEFINITIONS = (
					"DEBUG=1",
					"$(inherited)",
				);
				GCC_WARN_64_TO_32_BIT_CONVERSION = YES;
				GCC_WARN_ABOUT_RETURN_TYPE = YES_ERROR;
				GCC_WARN_UNDECLARED_SELECTOR = YES;
				GCC_WARN_UNINITIALIZED_AUTOS = YES_AGGRESSIVE;
				GCC_WARN_UNUSED_FUNCTION = YES;
				GCC_WARN_UNUSED_VARIABLE = YES;
				IPHONEOS_DEPLOYMENT_TARGET = 12.2;
				MTL_ENABLE_DEBUG_INFO = INCLUDE_SOURCE;
				MTL_FAST_MATH = YES;
				ONLY_ACTIVE_ARCH = YES;
				SDKROOT = iphoneos;
				SWIFT_ACTIVE_COMPILATION_CONDITIONS = DEBUG;
				SWIFT_OPTIMIZATION_LEVEL = "-Onone";
			};
			name = Debug;
		};
		63F8816D226DF96C00FA75AC /* Release */ = {
			isa = XCBuildConfiguration;
			buildSettings = {
				ALWAYS_SEARCH_USER_PATHS = NO;
				CLANG_ANALYZER_NONNULL = YES;
				CLANG_ANALYZER_NUMBER_OBJECT_CONVERSION = YES_AGGRESSIVE;
				CLANG_CXX_LANGUAGE_STANDARD = "gnu++14";
				CLANG_CXX_LIBRARY = "libc++";
				CLANG_ENABLE_MODULES = YES;
				CLANG_ENABLE_OBJC_ARC = YES;
				CLANG_ENABLE_OBJC_WEAK = YES;
				CLANG_WARN_BLOCK_CAPTURE_AUTORELEASING = YES;
				CLANG_WARN_BOOL_CONVERSION = YES;
				CLANG_WARN_COMMA = YES;
				CLANG_WARN_CONSTANT_CONVERSION = YES;
				CLANG_WARN_DEPRECATED_OBJC_IMPLEMENTATIONS = YES;
				CLANG_WARN_DIRECT_OBJC_ISA_USAGE = YES_ERROR;
				CLANG_WARN_DOCUMENTATION_COMMENTS = YES;
				CLANG_WARN_EMPTY_BODY = YES;
				CLANG_WARN_ENUM_CONVERSION = YES;
				CLANG_WARN_INFINITE_RECURSION = YES;
				CLANG_WARN_INT_CONVERSION = YES;
				CLANG_WARN_NON_LITERAL_NULL_CONVERSION = YES;
				CLANG_WARN_OBJC_IMPLICIT_RETAIN_SELF = YES;
				CLANG_WARN_OBJC_LITERAL_CONVERSION = YES;
				CLANG_WARN_OBJC_ROOT_CLASS = YES_ERROR;
				CLANG_WARN_RANGE_LOOP_ANALYSIS = YES;
				CLANG_WARN_STRICT_PROTOTYPES = YES;
				CLANG_WARN_SUSPICIOUS_MOVE = YES;
				CLANG_WARN_UNGUARDED_AVAILABILITY = YES_AGGRESSIVE;
				CLANG_WARN_UNREACHABLE_CODE = YES;
				CLANG_WARN__DUPLICATE_METHOD_MATCH = YES;
				CODE_SIGN_IDENTITY = "iPhone Developer";
				COPY_PHASE_STRIP = NO;
				DEBUG_INFORMATION_FORMAT = "dwarf-with-dsym";
				ENABLE_NS_ASSERTIONS = NO;
				ENABLE_STRICT_OBJC_MSGSEND = YES;
				GCC_C_LANGUAGE_STANDARD = gnu11;
				GCC_NO_COMMON_BLOCKS = YES;
				GCC_WARN_64_TO_32_BIT_CONVERSION = YES;
				GCC_WARN_ABOUT_RETURN_TYPE = YES_ERROR;
				GCC_WARN_UNDECLARED_SELECTOR = YES;
				GCC_WARN_UNINITIALIZED_AUTOS = YES_AGGRESSIVE;
				GCC_WARN_UNUSED_FUNCTION = YES;
				GCC_WARN_UNUSED_VARIABLE = YES;
				IPHONEOS_DEPLOYMENT_TARGET = 12.2;
				MTL_ENABLE_DEBUG_INFO = NO;
				MTL_FAST_MATH = YES;
				SDKROOT = iphoneos;
				SWIFT_COMPILATION_MODE = wholemodule;
				SWIFT_OPTIMIZATION_LEVEL = "-O";
				VALIDATE_PRODUCT = YES;
			};
			name = Release;
		};
		63F8816F226DF96C00FA75AC /* Debug */ = {
			isa = XCBuildConfiguration;
			buildSettings = {
				ASSETCATALOG_COMPILER_APPICON_NAME = AppIcon;
				CODE_SIGN_STYLE = Automatic;
				DEVELOPMENT_TEAM = HK3JCX6MNH;
				INFOPLIST_FILE = "Hotel Manzana/Info.plist";
				LD_RUNPATH_SEARCH_PATHS = (
					"$(inherited)",
					"@executable_path/Frameworks",
				);
				PRODUCT_BUNDLE_IDENTIFIER = "david.Hotel-Manzana";
				PRODUCT_NAME = "$(TARGET_NAME)";
				SWIFT_VERSION = 5.0;
				TARGETED_DEVICE_FAMILY = "1,2";
			};
			name = Debug;
		};
		63F88170226DF96C00FA75AC /* Release */ = {
			isa = XCBuildConfiguration;
			buildSettings = {
				ASSETCATALOG_COMPILER_APPICON_NAME = AppIcon;
				CODE_SIGN_STYLE = Automatic;
				DEVELOPMENT_TEAM = HK3JCX6MNH;
				INFOPLIST_FILE = "Hotel Manzana/Info.plist";
				LD_RUNPATH_SEARCH_PATHS = (
					"$(inherited)",
					"@executable_path/Frameworks",
				);
				PRODUCT_BUNDLE_IDENTIFIER = "david.Hotel-Manzana";
				PRODUCT_NAME = "$(TARGET_NAME)";
				SWIFT_VERSION = 5.0;
				TARGETED_DEVICE_FAMILY = "1,2";
			};
			name = Release;
		};
/* End XCBuildConfiguration section */

/* Begin XCConfigurationList section */
		63F88157226DF96A00FA75AC /* Build configuration list for PBXProject "Hotel Manzana" */ = {
			isa = XCConfigurationList;
			buildConfigurations = (
				63F8816C226DF96C00FA75AC /* Debug */,
				63F8816D226DF96C00FA75AC /* Release */,
			);
			defaultConfigurationIsVisible = 0;
			defaultConfigurationName = Release;
		};
		63F8816E226DF96C00FA75AC /* Build configuration list for PBXNativeTarget "Hotel Manzana" */ = {
			isa = XCConfigurationList;
			buildConfigurations = (
				63F8816F226DF96C00FA75AC /* Debug */,
				63F88170226DF96C00FA75AC /* Release */,
			);
			defaultConfigurationIsVisible = 0;
			defaultConfigurationName = Release;
		};
/* End XCConfigurationList section */
	};
	rootObject = 63F88154226DF96A00FA75AC /* Project object */;
}
